
Microsoft Visual Studio Solution File, Format Version 12.00
# Visual Studio Version 17
VisualStudioVersion = 17.2.32630.192
MinimumVisualStudioVersion = 10.0.40219.1
Project("{FAE04EC0-301F-11D3-BF4B-00C04F79EFBC}") = "RockPaperSissors", "RockPaperSissors\RockPaperSissors.csproj", "{5BB2DD0B-130B-4E5A-863A-6DCC2C8E7054}"
EndProject
Global
	GlobalSection(SolutionConfigurationPlatforms) = preSolution
		Debug|Any CPU = Debug|Any CPU
		Release|Any CPU = Release|Any CPU
	EndGlobalSection
	GlobalSection(ProjectConfigurationPlatforms) = postSolution
		{5BB2DD0B-130B-4E5A-863A-6DCC2C8E7054}.Debug|Any CPU.ActiveCfg = Debug|Any CPU
		{5BB2DD0B-130B-4E5A-863A-6DCC2C8E7054}.Debug|Any CPU.Build.0 = Debug|Any CPU
		{5BB2DD0B-130B-4E5A-863A-6DCC2C8E7054}.Release|Any CPU.ActiveCfg = Release|Any CPU
		{5BB2DD0B-130B-4E5A-863A-6DCC2C8E7054}.Release|Any CPU.Build.0 = Release|Any CPU
	EndGlobalSection
	GlobalSection(SolutionProperties) = preSolution
		HideSolutionNode = FALSE
	EndGlobalSection
	GlobalSection(ExtensibilityGlobals) = postSolution
		SolutionGuid = {8A87AB5B-0FD0-4BAE-9B07-D2FBE066DD28}
	EndGlobalSection
EndGlobal
